
Microsoft Visual Studio Solution File, Format Version 12.00
# Visual Studio Version 16
VisualStudioVersion = 16.0.28803.452
MinimumVisualStudioVersion = 10.0.40219.1
Project("{FAE04EC0-301F-11D3-BF4B-00C04F79EFBC}") = "SDLNetCoreTextureSample", "SDLNetCoreTextureSample\SDLNetCoreTextureSample.csproj", "{C1A27CC7-50A3-4422-B8CB-682454B590AF}"
EndProject
Global
	GlobalSection(SolutionConfigurationPlatforms) = preSolution
		Debug|Any CPU = Debug|Any CPU
		Release|Any CPU = Release|Any CPU
	EndGlobalSection
	GlobalSection(ProjectConfigurationPlatforms) = postSolution
		{C1A27CC7-50A3-4422-B8CB-682454B590AF}.Debug|Any CPU.ActiveCfg = Debug|Any CPU
		{C1A27CC7-50A3-4422-B8CB-682454B590AF}.Debug|Any CPU.Build.0 = Debug|Any CPU
		{C1A27CC7-50A3-4422-B8CB-682454B590AF}.Release|Any CPU.ActiveCfg = Release|Any CPU
		{C1A27CC7-50A3-4422-B8CB-682454B590AF}.Release|Any CPU.Build.0 = Release|Any CPU
	EndGlobalSection
	GlobalSection(SolutionProperties) = preSolution
		HideSolutionNode = FALSE
	EndGlobalSection
	GlobalSection(ExtensibilityGlobals) = postSolution
		SolutionGuid = {84A90A5C-272C-48A8-8B1E-2FD735656C07}
	EndGlobalSection
EndGlobal
